// !$*UTF8*$!
{
	archiveVersion = 1;
	classes = {
	};
	objectVersion = 56;
	objects = {

/* Begin PBXBuildFile section */
		8B69E3C72BFBC8AD0019CAA7 /* AppDelegate.swift in Sources */ = {isa = PBXBuildFile; fileRef = 8B69E3C62BFBC8AD0019CAA7 /* AppDelegate.swift */; };
		8B69E3CB2BFBC8AD0019CAA7 /* ViewController.swift in Sources */ = {isa = PBXBuildFile; fileRef = 8B69E3CA2BFBC8AD0019CAA7 /* ViewController.swift */; };
		8B69E3D02BFBC8AF0019CAA7 /* Assets.xcassets in Resources */ = {isa = PBXBuildFile; fileRef = 8B69E3CF2BFBC8AF0019CAA7 /* Assets.xcassets */; };
		8B69E3D32BFBC8AF0019CAA7 /* LaunchScreen.storyboard in Resources */ = {isa = PBXBuildFile; fileRef = 8B69E3D12BFBC8AF0019CAA7 /* LaunchScreen.storyboard */; };
		8B69E3DE2BFBC8AF0019CAA7 /* UniversitiesTests.swift in Sources */ = {isa = PBXBuildFile; fileRef = 8B69E3DD2BFBC8AF0019CAA7 /* UniversitiesTests.swift */; };
		8B69E3E82BFBC8AF0019CAA7 /* UniversitiesUITests.swift in Sources */ = {isa = PBXBuildFile; fileRef = 8B69E3E72BFBC8AF0019CAA7 /* UniversitiesUITests.swift */; };
		8B69E3EA2BFBC8AF0019CAA7 /* UniversitiesUITestsLaunchTests.swift in Sources */ = {isa = PBXBuildFile; fileRef = 8B69E3E92BFBC8AF0019CAA7 /* UniversitiesUITestsLaunchTests.swift */; };
/* End PBXBuildFile section */

/* Begin PBXContainerItemProxy section */
		8B69E3DA2BFBC8AF0019CAA7 /* PBXContainerItemProxy */ = {
			isa = PBXContainerItemProxy;
			containerPortal = 8B69E3BB2BFBC8AD0019CAA7 /* Project object */;
			proxyType = 1;
			remoteGlobalIDString = 8B69E3C22BFBC8AD0019CAA7;
			remoteInfo = Universities;
		};
		8B69E3E42BFBC8AF0019CAA7 /* PBXContainerItemProxy */ = {
			isa = PBXContainerItemProxy;
			containerPortal = 8B69E3BB2BFBC8AD0019CAA7 /* Project object */;
			proxyType = 1;
			remoteGlobalIDString = 8B69E3C22BFBC8AD0019CAA7;
			remoteInfo = Universities;
		};
/* End PBXContainerItemProxy section */

/* Begin PBXFileReference section */
		8B69E3C32BFBC8AD0019CAA7 /* Universities.app */ = {isa = PBXFileReference; explicitFileType = wrapper.application; includeInIndex = 0; path = Universities.app; sourceTree = BUILT_PRODUCTS_DIR; };
		8B69E3C62BFBC8AD0019CAA7 /* AppDelegate.swift */ = {isa = PBXFileReference; lastKnownFileType = sourcecode.swift; path = AppDelegate.swift; sourceTree = "<group>"; };
		8B69E3CA2BFBC8AD0019CAA7 /* ViewController.swift */ = {isa = PBXFileReference; lastKnownFileType = sourcecode.swift; path = ViewController.swift; sourceTree = "<group>"; };
		8B69E3CF2BFBC8AF0019CAA7 /* Assets.xcassets */ = {isa = PBXFileReference; lastKnownFileType = folder.assetcatalog; path = Assets.xcassets; sourceTree = "<group>"; };
		8B69E3D22BFBC8AF0019CAA7 /* Base */ = {isa = PBXFileReference; lastKnownFileType = file.storyboard; name = Base; path = Base.lproj/LaunchScreen.storyboard; sourceTree = "<group>"; };
		8B69E3D42BFBC8AF0019CAA7 /* Info.plist */ = {isa = PBXFileReference; lastKnownFileType = text.plist.xml; path = Info.plist; sourceTree = "<group>"; };
		8B69E3D92BFBC8AF0019CAA7 /* UniversitiesTests.xctest */ = {isa = PBXFileReference; explicitFileType = wrapper.cfbundle; includeInIndex = 0; path = UniversitiesTests.xctest; sourceTree = BUILT_PRODUCTS_DIR; };
		8B69E3DD2BFBC8AF0019CAA7 /* UniversitiesTests.swift */ = {isa = PBXFileReference; lastKnownFileType = sourcecode.swift; path = UniversitiesTests.swift; sourceTree = "<group>"; };
		8B69E3E32BFBC8AF0019CAA7 /* UniversitiesUITests.xctest */ = {isa = PBXFileReference; explicitFileType = wrapper.cfbundle; includeInIndex = 0; path = UniversitiesUITests.xctest; sourceTree = BUILT_PRODUCTS_DIR; };
		8B69E3E72BFBC8AF0019CAA7 /* UniversitiesUITests.swift */ = {isa = PBXFileReference; lastKnownFileType = sourcecode.swift; path = UniversitiesUITests.swift; sourceTree = "<group>"; };
		8B69E3E92BFBC8AF0019CAA7 /* UniversitiesUITestsLaunchTests.swift */ = {isa = PBXFileReference; lastKnownFileType = sourcecode.swift; path = UniversitiesUITestsLaunchTests.swift; sourceTree = "<group>"; };
		8B69E3F72BFBDE710019CAA7 /* NetworkLayer */ = {isa = PBXFileReference; lastKnownFileType = wrapper; path = NetworkLayer; sourceTree = "<group>"; };
/* End PBXFileReference section */

/* Begin PBXFrameworksBuildPhase section */
		8B69E3C02BFBC8AD0019CAA7 /* Frameworks */ = {
			isa = PBXFrameworksBuildPhase;
			buildActionMask = 2147483647;
			files = (
			);
			runOnlyForDeploymentPostprocessing = 0;
		};
		8B69E3D62BFBC8AF0019CAA7 /* Frameworks */ = {
			isa = PBXFrameworksBuildPhase;
			buildActionMask = 2147483647;
			files = (
			);
			runOnlyForDeploymentPostprocessing = 0;
		};
		8B69E3E02BFBC8AF0019CAA7 /* Frameworks */ = {
			isa = PBXFrameworksBuildPhase;
			buildActionMask = 2147483647;
			files = (
			);
			runOnlyForDeploymentPostprocessing = 0;
		};
/* End PBXFrameworksBuildPhase section */

/* Begin PBXGroup section */
		8B69E3BA2BFBC8AD0019CAA7 = {
			isa = PBXGroup;
			children = (
				8B69E3F62BFBDD4B0019CAA7 /* Mangers */,
				8B69E3C52BFBC8AD0019CAA7 /* Universities */,
				8B69E3DC2BFBC8AF0019CAA7 /* UniversitiesTests */,
				8B69E3E62BFBC8AF0019CAA7 /* UniversitiesUITests */,
				8B69E3C42BFBC8AD0019CAA7 /* Products */,
			);
			sourceTree = "<group>";
		};
		8B69E3C42BFBC8AD0019CAA7 /* Products */ = {
			isa = PBXGroup;
			children = (
				8B69E3C32BFBC8AD0019CAA7 /* Universities.app */,
				8B69E3D92BFBC8AF0019CAA7 /* UniversitiesTests.xctest */,
				8B69E3E32BFBC8AF0019CAA7 /* UniversitiesUITests.xctest */,
			);
			name = Products;
			sourceTree = "<group>";
		};
		8B69E3C52BFBC8AD0019CAA7 /* Universities */ = {
			isa = PBXGroup;
			children = (
				8B69E3C62BFBC8AD0019CAA7 /* AppDelegate.swift */,
				8B69E3CA2BFBC8AD0019CAA7 /* ViewController.swift */,
				8B69E3CF2BFBC8AF0019CAA7 /* Assets.xcassets */,
				8B69E3D12BFBC8AF0019CAA7 /* LaunchScreen.storyboard */,
				8B69E3D42BFBC8AF0019CAA7 /* Info.plist */,
			);
			path = Universities;
			sourceTree = "<group>";
		};
		8B69E3DC2BFBC8AF0019CAA7 /* UniversitiesTests */ = {
			isa = PBXGroup;
			children = (
				8B69E3DD2BFBC8AF0019CAA7 /* UniversitiesTests.swift */,
			);
			path = UniversitiesTests;
			sourceTree = "<group>";
		};
		8B69E3E62BFBC8AF0019CAA7 /* UniversitiesUITests */ = {
			isa = PBXGroup;
			children = (
				8B69E3E72BFBC8AF0019CAA7 /* UniversitiesUITests.swift */,
				8B69E3E92BFBC8AF0019CAA7 /* UniversitiesUITestsLaunchTests.swift */,
			);
			path = UniversitiesUITests;
			sourceTree = "<group>";
		};
		8B69E3F62BFBDD4B0019CAA7 /* Mangers */ = {
			isa = PBXGroup;
			children = (
				8B69E3F72BFBDE710019CAA7 /* NetworkLayer */,
			);
			path = Mangers;
			sourceTree = "<group>";
		};
/* End PBXGroup section */

/* Begin PBXNativeTarget section */
		8B69E3C22BFBC8AD0019CAA7 /* Universities */ = {
			isa = PBXNativeTarget;
			buildConfigurationList = 8B69E3ED2BFBC8AF0019CAA7 /* Build configuration list for PBXNativeTarget "Universities" */;
			buildPhases = (
				8B69E3BF2BFBC8AD0019CAA7 /* Sources */,
				8B69E3C02BFBC8AD0019CAA7 /* Frameworks */,
				8B69E3C12BFBC8AD0019CAA7 /* Resources */,
			);
			buildRules = (
			);
			dependencies = (
			);
			name = Universities;
			productName = Universities;
			productReference = 8B69E3C32BFBC8AD0019CAA7 /* Universities.app */;
			productType = "com.apple.product-type.application";
		};
		8B69E3D82BFBC8AF0019CAA7 /* UniversitiesTests */ = {
			isa = PBXNativeTarget;
			buildConfigurationList = 8B69E3F02BFBC8AF0019CAA7 /* Build configuration list for PBXNativeTarget "UniversitiesTests" */;
			buildPhases = (
				8B69E3D52BFBC8AF0019CAA7 /* Sources */,
				8B69E3D62BFBC8AF0019CAA7 /* Frameworks */,
				8B69E3D72BFBC8AF0019CAA7 /* Resources */,
			);
			buildRules = (
			);
			dependencies = (
				8B69E3DB2BFBC8AF0019CAA7 /* PBXTargetDependency */,
			);
			name = UniversitiesTests;
			productName = UniversitiesTests;
			productReference = 8B69E3D92BFBC8AF0019CAA7 /* UniversitiesTests.xctest */;
			productType = "com.apple.product-type.bundle.unit-test";
		};
		8B69E3E22BFBC8AF0019CAA7 /* UniversitiesUITests */ = {
			isa = PBXNativeTarget;
			buildConfigurationList = 8B69E3F32BFBC8AF0019CAA7 /* Build configuration list for PBXNativeTarget "UniversitiesUITests" */;
			buildPhases = (
				8B69E3DF2BFBC8AF0019CAA7 /* Sources */,
				8B69E3E02BFBC8AF0019CAA7 /* Frameworks */,
				8B69E3E12BFBC8AF0019CAA7 /* Resources */,
			);
			buildRules = (
			);
			dependencies = (
				8B69E3E52BFBC8AF0019CAA7 /* PBXTargetDependency */,
			);
			name = UniversitiesUITests;
			productName = UniversitiesUITests;
			productReference = 8B69E3E32BFBC8AF0019CAA7 /* UniversitiesUITests.xctest */;
			productType = "com.apple.product-type.bundle.ui-testing";
		};
/* End PBXNativeTarget section */

/* Begin PBXProject section */
		8B69E3BB2BFBC8AD0019CAA7 /* Project object */ = {
			isa = PBXProject;
			attributes = {
				BuildIndependentTargetsInParallel = 1;
				LastSwiftUpdateCheck = 1520;
				LastUpgradeCheck = 1520;
				TargetAttributes = {
					8B69E3C22BFBC8AD0019CAA7 = {
						CreatedOnToolsVersion = 15.2;
					};
					8B69E3D82BFBC8AF0019CAA7 = {
						CreatedOnToolsVersion = 15.2;
						TestTargetID = 8B69E3C22BFBC8AD0019CAA7;
					};
					8B69E3E22BFBC8AF0019CAA7 = {
						CreatedOnToolsVersion = 15.2;
						TestTargetID = 8B69E3C22BFBC8AD0019CAA7;
					};
				};
			};
			buildConfigurationList = 8B69E3BE2BFBC8AD0019CAA7 /* Build configuration list for PBXProject "Universities" */;
			compatibilityVersion = "Xcode 14.0";
			developmentRegion = en;
			hasScannedForEncodings = 0;
			knownRegions = (
				en,
				Base,
			);
			mainGroup = 8B69E3BA2BFBC8AD0019CAA7;
			productRefGroup = 8B69E3C42BFBC8AD0019CAA7 /* Products */;
			projectDirPath = "";
			projectRoot = "";
			targets = (
				8B69E3C22BFBC8AD0019CAA7 /* Universities */,
				8B69E3D82BFBC8AF0019CAA7 /* UniversitiesTests */,
				8B69E3E22BFBC8AF0019CAA7 /* UniversitiesUITests */,
			);
		};
/* End PBXProject section */

/* Begin PBXResourcesBuildPhase section */
		8B69E3C12BFBC8AD0019CAA7 /* Resources */ = {
			isa = PBXResourcesBuildPhase;
			buildActionMask = 2147483647;
			files = (
				8B69E3D32BFBC8AF0019CAA7 /* LaunchScreen.storyboard in Resources */,
				8B69E3D02BFBC8AF0019CAA7 /* Assets.xcassets in Resources */,
			);
			runOnlyForDeploymentPostprocessing = 0;
		};
		8B69E3D72BFBC8AF0019CAA7 /* Resources */ = {
			isa = PBXResourcesBuildPhase;
			buildActionMask = 2147483647;
			files = (
			);
			runOnlyForDeploymentPostprocessing = 0;
		};
		8B69E3E12BFBC8AF0019CAA7 /* Resources */ = {
			isa = PBXResourcesBuildPhase;
			buildActionMask = 2147483647;
			files = (
			);
			runOnlyForDeploymentPostprocessing = 0;
		};
/* End PBXResourcesBuildPhase section */

/* Begin PBXSourcesBuildPhase section */
		8B69E3BF2BFBC8AD0019CAA7 /* Sources */ = {
			isa = PBXSourcesBuildPhase;
			buildActionMask = 2147483647;
			files = (
				8B69E3CB2BFBC8AD0019CAA7 /* ViewController.swift in Sources */,
				8B69E3C72BFBC8AD0019CAA7 /* AppDelegate.swift in Sources */,
			);
			runOnlyForDeploymentPostprocessing = 0;
		};
		8B69E3D52BFBC8AF0019CAA7 /* Sources */ = {
			isa = PBXSourcesBuildPhase;
			buildActionMask = 2147483647;
			files = (
				8B69E3DE2BFBC8AF0019CAA7 /* UniversitiesTests.swift in Sources */,
			);
			runOnlyForDeploymentPostprocessing = 0;
		};
		8B69E3DF2BFBC8AF0019CAA7 /* Sources */ = {
			isa = PBXSourcesBuildPhase;
			buildActionMask = 2147483647;
			files = (
				8B69E3EA2BFBC8AF0019CAA7 /* UniversitiesUITestsLaunchTests.swift in Sources */,
				8B69E3E82BFBC8AF0019CAA7 /* UniversitiesUITests.swift in Sources */,
			);
			runOnlyForDeploymentPostprocessing = 0;
		};
/* End PBXSourcesBuildPhase section */

/* Begin PBXTargetDependency section */
		8B69E3DB2BFBC8AF0019CAA7 /* PBXTargetDependency */ = {
			isa = PBXTargetDependency;
			target = 8B69E3C22BFBC8AD0019CAA7 /* Universities */;
			targetProxy = 8B69E3DA2BFBC8AF0019CAA7 /* PBXContainerItemProxy */;
		};
		8B69E3E52BFBC8AF0019CAA7 /* PBXTargetDependency */ = {
			isa = PBXTargetDependency;
			target = 8B69E3C22BFBC8AD0019CAA7 /* Universities */;
			targetProxy = 8B69E3E42BFBC8AF0019CAA7 /* PBXContainerItemProxy */;
		};
/* End PBXTargetDependency section */

/* Begin PBXVariantGroup section */
		8B69E3D12BFBC8AF0019CAA7 /* LaunchScreen.storyboard */ = {
			isa = PBXVariantGroup;
			children = (
				8B69E3D22BFBC8AF0019CAA7 /* Base */,
			);
			name = LaunchScreen.storyboard;
			sourceTree = "<group>";
		};
/* End PBXVariantGroup section */

/* Begin XCBuildConfiguration section */
		8B69E3EB2BFBC8AF0019CAA7 /* Debug */ = {
			isa = XCBuildConfiguration;
			buildSettings = {
				ALWAYS_SEARCH_USER_PATHS = NO;
				ASSETCATALOG_COMPILER_GENERATE_SWIFT_ASSET_SYMBOL_EXTENSIONS = YES;
				CLANG_ANALYZER_NONNULL = YES;
				CLANG_ANALYZER_NUMBER_OBJECT_CONVERSION = YES_AGGRESSIVE;
				CLANG_CXX_LANGUAGE_STANDARD = "gnu++20";
				CLANG_ENABLE_MODULES = YES;
				CLANG_ENABLE_OBJC_ARC = YES;
				CLANG_ENABLE_OBJC_WEAK = YES;
				CLANG_WARN_BLOCK_CAPTURE_AUTORELEASING = YES;
				CLANG_WARN_BOOL_CONVERSION = YES;
				CLANG_WARN_COMMA = YES;
				CLANG_WARN_CONSTANT_CONVERSION = YES;
				CLANG_WARN_DEPRECATED_OBJC_IMPLEMENTATIONS = YES;
				CLANG_WARN_DIRECT_OBJC_ISA_USAGE = YES_ERROR;
				CLANG_WARN_DOCUMENTATION_COMMENTS = YES;
				CLANG_WARN_EMPTY_BODY = YES;
				CLANG_WARN_ENUM_CONVERSION = YES;
				CLANG_WARN_INFINITE_RECURSION = YES;
				CLANG_WARN_INT_CONVERSION = YES;
				CLANG_WARN_NON_LITERAL_NULL_CONVERSION = YES;
				CLANG_WARN_OBJC_IMPLICIT_RETAIN_SELF = YES;
				CLANG_WARN_OBJC_LITERAL_CONVERSION = YES;
				CLANG_WARN_OBJC_ROOT_CLASS = YES_ERROR;
				CLANG_WARN_QUOTED_INCLUDE_IN_FRAMEWORK_HEADER = YES;
				CLANG_WARN_RANGE_LOOP_ANALYSIS = YES;
				CLANG_WARN_STRICT_PROTOTYPES = YES;
				CLANG_WARN_SUSPICIOUS_MOVE = YES;
				CLANG_WARN_UNGUARDED_AVAILABILITY = YES_AGGRESSIVE;
				CLANG_WARN_UNREACHABLE_CODE = YES;
				CLANG_WARN__DUPLICATE_METHOD_MATCH = YES;
				COPY_PHASE_STRIP = NO;
				DEBUG_INFORMATION_FORMAT = dwarf;
				ENABLE_STRICT_OBJC_MSGSEND = YES;
				ENABLE_TESTABILITY = YES;
				ENABLE_USER_SCRIPT_SANDBOXING = YES;
				GCC_C_LANGUAGE_STANDARD = gnu17;
				GCC_DYNAMIC_NO_PIC = NO;
				GCC_NO_COMMON_BLOCKS = YES;
				GCC_OPTIMIZATION_LEVEL = 0;
				GCC_PREPROCESSOR_DEFINITIONS = (
					"DEBUG=1",
					"$(inherited)",
				);
				GCC_WARN_64_TO_32_BIT_CONVERSION = YES;
				GCC_WARN_ABOUT_RETURN_TYPE = YES_ERROR;
				GCC_WARN_UNDECLARED_SELECTOR = YES;
				GCC_WARN_UNINITIALIZED_AUTOS = YES_AGGRESSIVE;
				GCC_WARN_UNUSED_FUNCTION = YES;
				GCC_WARN_UNUSED_VARIABLE = YES;
				IPHONEOS_DEPLOYMENT_TARGET = 17.2;
				LOCALIZATION_PREFERS_STRING_CATALOGS = YES;
				MTL_ENABLE_DEBUG_INFO = INCLUDE_SOURCE;
				MTL_FAST_MATH = YES;
				ONLY_ACTIVE_ARCH = YES;
				SDKROOT = iphoneos;
				SWIFT_ACTIVE_COMPILATION_CONDITIONS = "DEBUG $(inherited)";
				SWIFT_OPTIMIZATION_LEVEL = "-Onone";
			};
			name = Debug;
		};
		8B69E3EC2BFBC8AF0019CAA7 /* Release */ = {
			isa = XCBuildConfiguration;
			buildSettings = {
				ALWAYS_SEARCH_USER_PATHS = NO;
				ASSETCATALOG_COMPILER_GENERATE_SWIFT_ASSET_SYMBOL_EXTENSIONS = YES;
				CLANG_ANALYZER_NONNULL = YES;
				CLANG_ANALYZER_NUMBER_OBJECT_CONVERSION = YES_AGGRESSIVE;
				CLANG_CXX_LANGUAGE_STANDARD = "gnu++20";
				CLANG_ENABLE_MODULES = YES;
				CLANG_ENABLE_OBJC_ARC = YES;
				CLANG_ENABLE_OBJC_WEAK = YES;
				CLANG_WARN_BLOCK_CAPTURE_AUTORELEASING = YES;
				CLANG_WARN_BOOL_CONVERSION = YES;
				CLANG_WARN_COMMA = YES;
				CLANG_WARN_CONSTANT_CONVERSION = YES;
				CLANG_WARN_DEPRECATED_OBJC_IMPLEMENTATIONS = YES;
				CLANG_WARN_DIRECT_OBJC_ISA_USAGE = YES_ERROR;
				CLANG_WARN_DOCUMENTATION_COMMENTS = YES;
				CLANG_WARN_EMPTY_BODY = YES;
				CLANG_WARN_ENUM_CONVERSION = YES;
				CLANG_WARN_INFINITE_RECURSION = YES;
				CLANG_WARN_INT_CONVERSION = YES;
				CLANG_WARN_NON_LITERAL_NULL_CONVERSION = YES;
				CLANG_WARN_OBJC_IMPLICIT_RETAIN_SELF = YES;
				CLANG_WARN_OBJC_LITERAL_CONVERSION = YES;
				CLANG_WARN_OBJC_ROOT_CLASS = YES_ERROR;
				CLANG_WARN_QUOTED_INCLUDE_IN_FRAMEWORK_HEADER = YES;
				CLANG_WARN_RANGE_LOOP_ANALYSIS = YES;
				CLANG_WARN_STRICT_PROTOTYPES = YES;
				CLANG_WARN_SUSPICIOUS_MOVE = YES;
				CLANG_WARN_UNGUARDED_AVAILABILITY = YES_AGGRESSIVE;
				CLANG_WARN_UNREACHABLE_CODE = YES;
				CLANG_WARN__DUPLICATE_METHOD_MATCH = YES;
				COPY_PHASE_STRIP = NO;
				DEBUG_INFORMATION_FORMAT = "dwarf-with-dsym";
				ENABLE_NS_ASSERTIONS = NO;
				ENABLE_STRICT_OBJC_MSGSEND = YES;
				ENABLE_USER_SCRIPT_SANDBOXING = YES;
				GCC_C_LANGUAGE_STANDARD = gnu17;
				GCC_NO_COMMON_BLOCKS = YES;
				GCC_WARN_64_TO_32_BIT_CONVERSION = YES;
				GCC_WARN_ABOUT_RETURN_TYPE = YES_ERROR;
				GCC_WARN_UNDECLARED_SELECTOR = YES;
				GCC_WARN_UNINITIALIZED_AUTOS = YES_AGGRESSIVE;
				GCC_WARN_UNUSED_FUNCTION = YES;
				GCC_WARN_UNUSED_VARIABLE = YES;
				IPHONEOS_DEPLOYMENT_TARGET = 17.2;
				LOCALIZATION_PREFERS_STRING_CATALOGS = YES;
				MTL_ENABLE_DEBUG_INFO = NO;
				MTL_FAST_MATH = YES;
				SDKROOT = iphoneos;
				SWIFT_COMPILATION_MODE = wholemodule;
				VALIDATE_PRODUCT = YES;
			};
			name = Release;
		};
		8B69E3EE2BFBC8AF0019CAA7 /* Debug */ = {
			isa = XCBuildConfiguration;
			buildSettings = {
				ASSETCATALOG_COMPILER_APPICON_NAME = AppIcon;
				ASSETCATALOG_COMPILER_GLOBAL_ACCENT_COLOR_NAME = AccentColor;
				CODE_SIGN_STYLE = Automatic;
				CURRENT_PROJECT_VERSION = 1;
				DEVELOPMENT_TEAM = 55ST23L4BK;
				GENERATE_INFOPLIST_FILE = YES;
				INFOPLIST_FILE = Universities/Info.plist;
				INFOPLIST_KEY_UIApplicationSupportsIndirectInputEvents = YES;
				INFOPLIST_KEY_UILaunchStoryboardName = LaunchScreen;
				INFOPLIST_KEY_UIMainStoryboardFile = Main;
				INFOPLIST_KEY_UISupportedInterfaceOrientations_iPad = "UIInterfaceOrientationPortrait UIInterfaceOrientationPortraitUpsideDown UIInterfaceOrientationLandscapeLeft UIInterfaceOrientationLandscapeRight";
				INFOPLIST_KEY_UISupportedInterfaceOrientations_iPhone = "UIInterfaceOrientationPortrait UIInterfaceOrientationLandscapeLeft UIInterfaceOrientationLandscapeRight";
				LD_RUNPATH_SEARCH_PATHS = (
					"$(inherited)",
					"@executable_path/Frameworks",
				);
				MARKETING_VERSION = 1.0;
				PRODUCT_BUNDLE_IDENTIFIER = com.app.Universities;
				PRODUCT_NAME = "$(TARGET_NAME)";
				SWIFT_EMIT_LOC_STRINGS = YES;
				SWIFT_VERSION = 5.0;
				TARGETED_DEVICE_FAMILY = "1,2";
			};
			name = Debug;
		};
		8B69E3EF2BFBC8AF0019CAA7 /* Release */ = {
			isa = XCBuildConfiguration;
			buildSettings = {
				ASSETCATALOG_COMPILER_APPICON_NAME = AppIcon;
				ASSETCATALOG_COMPILER_GLOBAL_ACCENT_COLOR_NAME = AccentColor;
				CODE_SIGN_STYLE = Automatic;
				CURRENT_PROJECT_VERSION = 1;
				DEVELOPMENT_TEAM = 55ST23L4BK;
				GENERATE_INFOPLIST_FILE = YES;
				INFOPLIST_FILE = Universities/Info.plist;
				INFOPLIST_KEY_UIApplicationSupportsIndirectInputEvents = YES;
				INFOPLIST_KEY_UILaunchStoryboardName = LaunchScreen;
				INFOPLIST_KEY_UIMainStoryboardFile = Main;
				INFOPLIST_KEY_UISupportedInterfaceOrientations_iPad = "UIInterfaceOrientationPortrait UIInterfaceOrientationPortraitUpsideDown UIInterfaceOrientationLandscapeLeft UIInterfaceOrientationLandscapeRight";
				INFOPLIST_KEY_UISupportedInterfaceOrientations_iPhone = "UIInterfaceOrientationPortrait UIInterfaceOrientationLandscapeLeft UIInterfaceOrientationLandscapeRight";
				LD_RUNPATH_SEARCH_PATHS = (
					"$(inherited)",
					"@executable_path/Frameworks",
				);
				MARKETING_VERSION = 1.0;
				PRODUCT_BUNDLE_IDENTIFIER = com.app.Universities;
				PRODUCT_NAME = "$(TARGET_NAME)";
				SWIFT_EMIT_LOC_STRINGS = YES;
				SWIFT_VERSION = 5.0;
				TARGETED_DEVICE_FAMILY = "1,2";
			};
			name = Release;
		};
		8B69E3F12BFBC8AF0019CAA7 /* Debug */ = {
			isa = XCBuildConfiguration;
			buildSettings = {
				ALWAYS_EMBED_SWIFT_STANDARD_LIBRARIES = YES;
				BUNDLE_LOADER = "$(TEST_HOST)";
				CODE_SIGN_STYLE = Automatic;
				CURRENT_PROJECT_VERSION = 1;
				DEVELOPMENT_TEAM = 55ST23L4BK;
				GENERATE_INFOPLIST_FILE = YES;
				IPHONEOS_DEPLOYMENT_TARGET = 17.2;
				MARKETING_VERSION = 1.0;
				PRODUCT_BUNDLE_IDENTIFIER = com.app.UniversitiesTests;
				PRODUCT_NAME = "$(TARGET_NAME)";
				SWIFT_EMIT_LOC_STRINGS = NO;
				SWIFT_VERSION = 5.0;
				TARGETED_DEVICE_FAMILY = "1,2";
				TEST_HOST = "$(BUILT_PRODUCTS_DIR)/Universities.app/$(BUNDLE_EXECUTABLE_FOLDER_PATH)/Universities";
			};
			name = Debug;
		};
		8B69E3F22BFBC8AF0019CAA7 /* Release */ = {
			isa = XCBuildConfiguration;
			buildSettings = {
				ALWAYS_EMBED_SWIFT_STANDARD_LIBRARIES = YES;
				BUNDLE_LOADER = "$(TEST_HOST)";
				CODE_SIGN_STYLE = Automatic;
				CURRENT_PROJECT_VERSION = 1;
				DEVELOPMENT_TEAM = 55ST23L4BK;
				GENERATE_INFOPLIST_FILE = YES;
				IPHONEOS_DEPLOYMENT_TARGET = 17.2;
				MARKETING_VERSION = 1.0;
				PRODUCT_BUNDLE_IDENTIFIER = com.app.UniversitiesTests;
				PRODUCT_NAME = "$(TARGET_NAME)";
				SWIFT_EMIT_LOC_STRINGS = NO;
				SWIFT_VERSION = 5.0;
				TARGETED_DEVICE_FAMILY = "1,2";
				TEST_HOST = "$(BUILT_PRODUCTS_DIR)/Universities.app/$(BUNDLE_EXECUTABLE_FOLDER_PATH)/Universities";
			};
			name = Release;
		};
		8B69E3F42BFBC8AF0019CAA7 /* Debug */ = {
			isa = XCBuildConfiguration;
			buildSettings = {
				ALWAYS_EMBED_SWIFT_STANDARD_LIBRARIES = YES;
				CODE_SIGN_STYLE = Automatic;
				CURRENT_PROJECT_VERSION = 1;
				DEVELOPMENT_TEAM = 55ST23L4BK;
				GENERATE_INFOPLIST_FILE = YES;
				MARKETING_VERSION = 1.0;
				PRODUCT_BUNDLE_IDENTIFIER = com.app.UniversitiesUITests;
				PRODUCT_NAME = "$(TARGET_NAME)";
				SWIFT_EMIT_LOC_STRINGS = NO;
				SWIFT_VERSION = 5.0;
				TARGETED_DEVICE_FAMILY = "1,2";
				TEST_TARGET_NAME = Universities;
			};
			name = Debug;
		};
		8B69E3F52BFBC8AF0019CAA7 /* Release */ = {
			isa = XCBuildConfiguration;
			buildSettings = {
				ALWAYS_EMBED_SWIFT_STANDARD_LIBRARIES = YES;
				CODE_SIGN_STYLE = Automatic;
				CURRENT_PROJECT_VERSION = 1;
				DEVELOPMENT_TEAM = 55ST23L4BK;
				GENERATE_INFOPLIST_FILE = YES;
				MARKETING_VERSION = 1.0;
				PRODUCT_BUNDLE_IDENTIFIER = com.app.UniversitiesUITests;
				PRODUCT_NAME = "$(TARGET_NAME)";
				SWIFT_EMIT_LOC_STRINGS = NO;
				SWIFT_VERSION = 5.0;
				TARGETED_DEVICE_FAMILY = "1,2";
				TEST_TARGET_NAME = Universities;
			};
			name = Release;
		};
/* End XCBuildConfiguration section */

/* Begin XCConfigurationList section */
		8B69E3BE2BFBC8AD0019CAA7 /* Build configuration list for PBXProject "Universities" */ = {
			isa = XCConfigurationList;
			buildConfigurations = (
				8B69E3EB2BFBC8AF0019CAA7 /* Debug */,
				8B69E3EC2BFBC8AF0019CAA7 /* Release */,
			);
			defaultConfigurationIsVisible = 0;
			defaultConfigurationName = Release;
		};
		8B69E3ED2BFBC8AF0019CAA7 /* Build configuration list for PBXNativeTarget "Universities" */ = {
			isa = XCConfigurationList;
			buildConfigurations = (
				8B69E3EE2BFBC8AF0019CAA7 /* Debug */,
				8B69E3EF2BFBC8AF0019CAA7 /* Release */,
			);
			defaultConfigurationIsVisible = 0;
			defaultConfigurationName = Release;
		};
		8B69E3F02BFBC8AF0019CAA7 /* Build configuration list for PBXNativeTarget "UniversitiesTests" */ = {
			isa = XCConfigurationList;
			buildConfigurations = (
				8B69E3F12BFBC8AF0019CAA7 /* Debug */,
				8B69E3F22BFBC8AF0019CAA7 /* Release */,
			);
			defaultConfigurationIsVisible = 0;
			defaultConfigurationName = Release;
		};
		8B69E3F32BFBC8AF0019CAA7 /* Build configuration list for PBXNativeTarget "UniversitiesUITests" */ = {
			isa = XCConfigurationList;
			buildConfigurations = (
				8B69E3F42BFBC8AF0019CAA7 /* Debug */,
				8B69E3F52BFBC8AF0019CAA7 /* Release */,
			);
			defaultConfigurationIsVisible = 0;
			defaultConfigurationName = Release;
		};
/* End XCConfigurationList section */
	};
	rootObject = 8B69E3BB2BFBC8AD0019CAA7 /* Project object */;
}
